Microsoft Visual Studio Solution File, Format Version 12.00
# Visual Studio Version 17
VisualStudioVersion = 17.5.2.0
MinimumVisualStudioVersion = 10.0.40219.1
Project("{FAE04EC0-301F-11D3-BF4B-00C04F79EFBC}") = "nutrition-app-backend", "nutrition-app-backend.csproj", "{90DEBCAA-0170-516D-E0E5-745E815D3263}"
EndProject
Global
	GlobalSection(SolutionConfigurationPlatforms) = preSolution
		Debug|Any CPU = Debug|Any CPU
		Release|Any CPU = Release|Any CPU
	EndGlobalSection
	GlobalSection(ProjectConfigurationPlatforms) = postSolution
		{90DEBCAA-0170-516D-E0E5-745E815D3263}.Debug|Any CPU.ActiveCfg = Debug|Any CPU
		{90DEBCAA-0170-516D-E0E5-745E815D3263}.Debug|Any CPU.Build.0 = Debug|Any CPU
		{90DEBCAA-0170-516D-E0E5-745E815D3263}.Release|Any CPU.ActiveCfg = Release|Any CPU
		{90DEBCAA-0170-516D-E0E5-745E815D3263}.Release|Any CPU.Build.0 = Release|Any CPU
	EndGlobalSection
	GlobalSection(SolutionProperties) = preSolution
		HideSolutionNode = FALSE
	EndGlobalSection
	GlobalSection(ExtensibilityGlobals) = postSolution
		SolutionGuid = {E7239952-61A5-4454-9FC5-B0ACEF0CDC2E}
	EndGlobalSection
EndGlobal
